
Microsoft Visual Studio Solution File, Format Version 12.00
# Visual Studio Version 16
VisualStudioVersion = 16.0.29613.14
MinimumVisualStudioVersion = 10.0.40219.1
Project("{FAE04EC0-301F-11D3-BF4B-00C04F79EFBC}") = "CreateClass", "CreateClass\CreateClass.csproj", "{28422904-0A7B-4538-95B2-E5D195978EDF}"
EndProject
Project("{FAE04EC0-301F-11D3-BF4B-00C04F79EFBC}") = "TimerEvents", "TimerEvents\TimerEvents.csproj", "{4635AF74-4C8F-4082-9D63-24C6EE55D3FD}"
EndProject
Project("{FAE04EC0-301F-11D3-BF4B-00C04F79EFBC}") = "SortString", "SortString\SortString.csproj", "{D03D43A2-EC70-42B1-B25D-4740CE58F92F}"
EndProject
Global
	GlobalSection(SolutionConfigurationPlatforms) = preSolution
		Debug|Any CPU = Debug|Any CPU
		Release|Any CPU = Release|Any CPU
	EndGlobalSection
	GlobalSection(ProjectConfigurationPlatforms) = postSolution
		{28422904-0A7B-4538-95B2-E5D195978EDF}.Debug|Any CPU.ActiveCfg = Debug|Any CPU
		{28422904-0A7B-4538-95B2-E5D195978EDF}.Debug|Any CPU.Build.0 = Debug|Any CPU
		{28422904-0A7B-4538-95B2-E5D195978EDF}.Release|Any CPU.ActiveCfg = Release|Any CPU
		{28422904-0A7B-4538-95B2-E5D195978EDF}.Release|Any CPU.Build.0 = Release|Any CPU
		{4635AF74-4C8F-4082-9D63-24C6EE55D3FD}.Debug|Any CPU.ActiveCfg = Debug|Any CPU
		{4635AF74-4C8F-4082-9D63-24C6EE55D3FD}.Debug|Any CPU.Build.0 = Debug|Any CPU
		{4635AF74-4C8F-4082-9D63-24C6EE55D3FD}.Release|Any CPU.ActiveCfg = Release|Any CPU
		{4635AF74-4C8F-4082-9D63-24C6EE55D3FD}.Release|Any CPU.Build.0 = Release|Any CPU
		{D03D43A2-EC70-42B1-B25D-4740CE58F92F}.Debug|Any CPU.ActiveCfg = Debug|Any CPU
		{D03D43A2-EC70-42B1-B25D-4740CE58F92F}.Debug|Any CPU.Build.0 = Debug|Any CPU
		{D03D43A2-EC70-42B1-B25D-4740CE58F92F}.Release|Any CPU.ActiveCfg = Release|Any CPU
		{D03D43A2-EC70-42B1-B25D-4740CE58F92F}.Release|Any CPU.Build.0 = Release|Any CPU
	EndGlobalSection
	GlobalSection(SolutionProperties) = preSolution
		HideSolutionNode = FALSE
	EndGlobalSection
	GlobalSection(ExtensibilityGlobals) = postSolution
		SolutionGuid = {7CA8C229-01AC-462A-8C0D-EE938C1AD5BE}
	EndGlobalSection
EndGlobal
